<?xml version="1.0" encoding="utf-8"?>
<Project ToolsVersion="4.0" xmlns="http://schemas.microsoft.com/developer/msbuild/2003">
  <ItemGroup>
    <Filter Include="Source Files">
      <UniqueIdentifier>{54c5562c-08fd-42db-9dc8-739719cab4c2}</UniqueIdentifier>
    </Filter>
    <Filter Include="Generated Files">
      <UniqueIdentifier>{bdad9a65-decf-4d38-97a5-e9d0d133309c}</UniqueIdentifier>
      <SourceControlFiles>False</SourceControlFiles>
    </Filter>
  </ItemGroup>
  <ItemGroup>
    <None Include="TestInterfaceps.def" />
  </ItemGroup>
  <ItemGroup>
    <ClCompile Include="TestInterface_i.c">
      <Filter>Generated Files</Filter>
    </ClCompile>
    <ClCompile Include="TestInterface_p.c">
      <Filter>Generated Files</Filter>
    </ClCompile>
    <ClCompile Include="dlldata.c">
      <Filter>Generated Files</Filter>
    </ClCompile>
  </ItemGroup>
</Project>